
Microsoft Visual Studio Solution File, Format Version 12.00
# Visual Studio Version 16
VisualStudioVersion = 16.0.31410.357
MinimumVisualStudioVersion = 10.0.40219.1
Project("{FAE04EC0-301F-11D3-BF4B-00C04F79EFBC}") = "BackGammonApp.UWP", "BackGammonApp\BackGammonApp.UWP\BackGammonApp.UWP.csproj", "{93986BDD-DAE4-43F3-9104-F507C62982E5}"
EndProject
Project("{FAE04EC0-301F-11D3-BF4B-00C04F79EFBC}") = "BackGammonApp.Android", "BackGammonApp\BackGammonApp.Android\BackGammonApp.Android.csproj", "{F9DF9515-A7B5-4E3B-BE1F-35F54838AF3B}"
EndProject
Project("{FAE04EC0-301F-11D3-BF4B-00C04F79EFBC}") = "BackGammonApp.iOS", "BackGammonApp\BackGammonApp.iOS\BackGammonApp.iOS.csproj", "{B1BCE209-537C-4BF3-910B-6D1E3E6CDCC4}"
EndProject
Project("{FAE04EC0-301F-11D3-BF4B-00C04F79EFBC}") = "BackGammonApp", "BackGammonApp\BackGammonApp\BackGammonApp.csproj", "{8ABD003E-388C-4DE6-9D0C-C5DDE433525F}"
EndProject
Global
	GlobalSection(SolutionConfigurationPlatforms) = preSolution
		Debug|Any CPU = Debug|Any CPU
		Debug|ARM = Debug|ARM
		Debug|iPhone = Debug|iPhone
		Debug|iPhoneSimulator = Debug|iPhoneSimulator
		Debug|x64 = Debug|x64
		Debug|x86 = Debug|x86
		Release|Any CPU = Release|Any CPU
		Release|ARM = Release|ARM
		Release|iPhone = Release|iPhone
		Release|iPhoneSimulator = Release|iPhoneSimulator
		Release|x64 = Release|x64
		Release|x86 = Release|x86
	EndGlobalSection
	GlobalSection(ProjectConfigurationPlatforms) = postSolution
		{93986BDD-DAE4-43F3-9104-F507C62982E5}.Debug|Any CPU.ActiveCfg = Debug|x86
		{93986BDD-DAE4-43F3-9104-F507C62982E5}.Debug|Any CPU.Build.0 = Debug|x86
		{93986BDD-DAE4-43F3-9104-F507C62982E5}.Debug|Any CPU.Deploy.0 = Debug|x86
		{93986BDD-DAE4-43F3-9104-F507C62982E5}.Debug|ARM.ActiveCfg = Debug|ARM
		{93986BDD-DAE4-43F3-9104-F507C62982E5}.Debug|ARM.Build.0 = Debug|ARM
		{93986BDD-DAE4-43F3-9104-F507C62982E5}.Debug|ARM.Deploy.0 = Debug|ARM
		{93986BDD-DAE4-43F3-9104-F507C62982E5}.Debug|iPhone.ActiveCfg = Debug|x86
		{93986BDD-DAE4-43F3-9104-F507C62982E5}.Debug|iPhone.Build.0 = Debug|x86
		{93986BDD-DAE4-43F3-9104-F507C62982E5}.Debug|iPhone.Deploy.0 = Debug|x86
		{93986BDD-DAE4-43F3-9104-F507C62982E5}.Debug|iPhoneSimulator.ActiveCfg = Debug|x86
		{93986BDD-DAE4-43F3-9104-F507C62982E5}.Debug|iPhoneSimulator.Build.0 = Debug|x86
		{93986BDD-DAE4-43F3-9104-F507C62982E5}.Debug|iPhoneSimulator.Deploy.0 = Debug|x86
		{93986BDD-DAE4-43F3-9104-F507C62982E5}.Debug|x64.ActiveCfg = Debug|x64
		{93986BDD-DAE4-43F3-9104-F507C62982E5}.Debug|x64.Build.0 = Debug|x64
		{93986BDD-DAE4-43F3-9104-F507C62982E5}.Debug|x64.Deploy.0 = Debug|x64
		{93986BDD-DAE4-43F3-9104-F507C62982E5}.Debug|x86.ActiveCfg = Debug|x86
		{93986BDD-DAE4-43F3-9104-F507C62982E5}.Debug|x86.Build.0 = Debug|x86
		{93986BDD-DAE4-43F3-9104-F507C62982E5}.Debug|x86.Deploy.0 = Debug|x86
		{93986BDD-DAE4-43F3-9104-F507C62982E5}.Release|Any CPU.ActiveCfg = Release|x86
		{93986BDD-DAE4-43F3-9104-F507C62982E5}.Release|Any CPU.Build.0 = Release|x86
		{93986BDD-DAE4-43F3-9104-F507C62982E5}.Release|Any CPU.Deploy.0 = Release|x86
		{93986BDD-DAE4-43F3-9104-F507C62982E5}.Release|ARM.ActiveCfg = Release|ARM
		{93986BDD-DAE4-43F3-9104-F507C62982E5}.Release|ARM.Build.0 = Release|ARM
		{93986BDD-DAE4-43F3-9104-F507C62982E5}.Release|ARM.Deploy.0 = Release|ARM
		{93986BDD-DAE4-43F3-9104-F507C62982E5}.Release|iPhone.ActiveCfg = Release|x86
		{93986BDD-DAE4-43F3-9104-F507C62982E5}.Release|iPhone.Build.0 = Release|x86
		{93986BDD-DAE4-43F3-9104-F507C62982E5}.Release|iPhone.Deploy.0 = Release|x86
		{93986BDD-DAE4-43F3-9104-F507C62982E5}.Release|iPhoneSimulator.ActiveCfg = Release|x86
		{93986BDD-DAE4-43F3-9104-F507C62982E5}.Release|iPhoneSimulator.Build.0 = Release|x86
		{93986BDD-DAE4-43F3-9104-F507C62982E5}.Release|iPhoneSimulator.Deploy.0 = Release|x86
		{93986BDD-DAE4-43F3-9104-F507C62982E5}.Release|x64.ActiveCfg = Release|x64
		{93986BDD-DAE4-43F3-9104-F507C62982E5}.Release|x64.Build.0 = Release|x64
		{93986BDD-DAE4-43F3-9104-F507C62982E5}.Release|x64.Deploy.0 = Release|x64
		{93986BDD-DAE4-43F3-9104-F507C62982E5}.Release|x86.ActiveCfg = Release|x86
		{93986BDD-DAE4-43F3-9104-F507C62982E5}.Release|x86.Build.0 = Release|x86
		{93986BDD-DAE4-43F3-9104-F507C62982E5}.Release|x86.Deploy.0 = Release|x86
		{F9DF9515-A7B5-4E3B-BE1F-35F54838AF3B}.Debug|Any CPU.ActiveCfg = Debug|Any CPU
		{F9DF9515-A7B5-4E3B-BE1F-35F54838AF3B}.Debug|Any CPU.Build.0 = Debug|Any CPU
		{F9DF9515-A7B5-4E3B-BE1F-35F54838AF3B}.Debug|Any CPU.Deploy.0 = Debug|Any CPU
		{F9DF9515-A7B5-4E3B-BE1F-35F54838AF3B}.Debug|ARM.ActiveCfg = Debug|Any CPU
		{F9DF9515-A7B5-4E3B-BE1F-35F54838AF3B}.Debug|ARM.Build.0 = Debug|Any CPU
		{F9DF9515-A7B5-4E3B-BE1F-35F54838AF3B}.Debug|ARM.Deploy.0 = Debug|Any CPU
		{F9DF9515-A7B5-4E3B-BE1F-35F54838AF3B}.Debug|iPhone.ActiveCfg = Debug|Any CPU
		{F9DF9515-A7B5-4E3B-BE1F-35F54838AF3B}.Debug|iPhone.Build.0 = Debug|Any CPU
		{F9DF9515-A7B5-4E3B-BE1F-35F54838AF3B}.Debug|iPhone.Deploy.0 = Debug|Any CPU
		{F9DF9515-A7B5-4E3B-BE1F-35F54838AF3B}.Debug|iPhoneSimulator.ActiveCfg = Debug|Any CPU
		{F9DF9515-A7B5-4E3B-BE1F-35F54838AF3B}.Debug|iPhoneSimulator.Build.0 = Debug|Any CPU
		{F9DF9515-A7B5-4E3B-BE1F-35F54838AF3B}.Debug|iPhoneSimulator.Deploy.0 = Debug|Any CPU
		{F9DF9515-A7B5-4E3B-BE1F-35F54838AF3B}.Debug|x64.ActiveCfg = Debug|Any CPU
		{F9DF9515-A7B5-4E3B-BE1F-35F54838AF3B}.Debug|x64.Build.0 = Debug|Any CPU
		{F9DF9515-A7B5-4E3B-BE1F-35F54838AF3B}.Debug|x64.Deploy.0 = Debug|Any CPU
		{F9DF9515-A7B5-4E3B-BE1F-35F54838AF3B}.Debug|x86.ActiveCfg = Debug|Any CPU
		{F9DF9515-A7B5-4E3B-BE1F-35F54838AF3B}.Debug|x86.Build.0 = Debug|Any CPU
		{F9DF9515-A7B5-4E3B-BE1F-35F54838AF3B}.Debug|x86.Deploy.0 = Debug|Any CPU
		{F9DF9515-A7B5-4E3B-BE1F-35F54838AF3B}.Release|Any CPU.ActiveCfg = Release|Any CPU
		{F9DF9515-A7B5-4E3B-BE1F-35F54838AF3B}.Release|Any CPU.Build.0 = Release|Any CPU
		{F9DF9515-A7B5-4E3B-BE1F-35F54838AF3B}.Release|Any CPU.Deploy.0 = Release|Any CPU
		{F9DF9515-A7B5-4E3B-BE1F-35F54838AF3B}.Release|ARM.ActiveCfg = Release|Any CPU
		{F9DF9515-A7B5-4E3B-BE1F-35F54838AF3B}.Release|ARM.Build.0 = Release|Any CPU
		{F9DF9515-A7B5-4E3B-BE1F-35F54838AF3B}.Release|ARM.Deploy.0 = Release|Any CPU
		{F9DF9515-A7B5-4E3B-BE1F-35F54838AF3B}.Release|iPhone.ActiveCfg = Release|Any CPU
		{F9DF9515-A7B5-4E3B-BE1F-35F54838AF3B}.Release|iPhone.Build.0 = Release|Any CPU
		{F9DF9515-A7B5-4E3B-BE1F-35F54838AF3B}.Release|iPhone.Deploy.0 = Release|Any CPU
		{F9DF9515-A7B5-4E3B-BE1F-35F54838AF3B}.Release|iPhoneSimulator.ActiveCfg = Release|Any CPU
		{F9DF9515-A7B5-4E3B-BE1F-35F54838AF3B}.Release|iPhoneSimulator.Build.0 = Release|Any CPU
		{F9DF9515-A7B5-4E3B-BE1F-35F54838AF3B}.Release|iPhoneSimulator.Deploy.0 = Release|Any CPU
		{F9DF9515-A7B5-4E3B-BE1F-35F54838AF3B}.Release|x64.ActiveCfg = Release|Any CPU
		{F9DF9515-A7B5-4E3B-BE1F-35F54838AF3B}.Release|x64.Build.0 = Release|Any CPU
		{F9DF9515-A7B5-4E3B-BE1F-35F54838AF3B}.Release|x64.Deploy.0 = Release|Any CPU
		{F9DF9515-A7B5-4E3B-BE1F-35F54838AF3B}.Release|x86.ActiveCfg = Release|Any CPU
		{F9DF9515-A7B5-4E3B-BE1F-35F54838AF3B}.Release|x86.Build.0 = Release|Any CPU
		{F9DF9515-A7B5-4E3B-BE1F-35F54838AF3B}.Release|x86.Deploy.0 = Release|Any CPU
		{B1BCE209-537C-4BF3-910B-6D1E3E6CDCC4}.Debug|Any CPU.ActiveCfg = Debug|iPhoneSimulator
		{B1BCE209-537C-4BF3-910B-6D1E3E6CDCC4}.Debug|Any CPU.Build.0 = Debug|iPhoneSimulator
		{B1BCE209-537C-4BF3-910B-6D1E3E6CDCC4}.Debug|Any CPU.Deploy.0 = Debug|iPhoneSimulator
		{B1BCE209-537C-4BF3-910B-6D1E3E6CDCC4}.Debug|ARM.ActiveCfg = Debug|iPhone
		{B1BCE209-537C-4BF3-910B-6D1E3E6CDCC4}.Debug|ARM.Build.0 = Debug|iPhone
		{B1BCE209-537C-4BF3-910B-6D1E3E6CDCC4}.Debug|ARM.Deploy.0 = Debug|iPhone
		{B1BCE209-537C-4BF3-910B-6D1E3E6CDCC4}.Debug|iPhone.ActiveCfg = Debug|iPhone
		{B1BCE209-537C-4BF3-910B-6D1E3E6CDCC4}.Debug|iPhone.Build.0 = Debug|iPhone
		{B1BCE209-537C-4BF3-910B-6D1E3E6CDCC4}.Debug|iPhone.Deploy.0 = Debug|iPhone
		{B1BCE209-537C-4BF3-910B-6D1E3E6CDCC4}.Debug|iPhoneSimulator.ActiveCfg = Debug|iPhoneSimulator
		{B1BCE209-537C-4BF3-910B-6D1E3E6CDCC4}.Debug|iPhoneSimulator.Build.0 = Debug|iPhoneSimulator
		{B1BCE209-537C-4BF3-910B-6D1E3E6CDCC4}.Debug|iPhoneSimulator.Deploy.0 = Debug|iPhoneSimulator
		{B1BCE209-537C-4BF3-910B-6D1E3E6CDCC4}.Debug|x64.ActiveCfg = Debug|iPhoneSimulator
		{B1BCE209-537C-4BF3-910B-6D1E3E6CDCC4}.Debug|x64.Build.0 = Debug|iPhoneSimulator
		{B1BCE209-537C-4BF3-910B-6D1E3E6CDCC4}.Debug|x64.Deploy.0 = Debug|iPhoneSimulator
		{B1BCE209-537C-4BF3-910B-6D1E3E6CDCC4}.Debug|x86.ActiveCfg = Debug|iPhoneSimulator
		{B1BCE209-537C-4BF3-910B-6D1E3E6CDCC4}.Debug|x86.Build.0 = Debug|iPhoneSimulator
		{B1BCE209-537C-4BF3-910B-6D1E3E6CDCC4}.Debug|x86.Deploy.0 = Debug|iPhoneSimulator
		{B1BCE209-537C-4BF3-910B-6D1E3E6CDCC4}.Release|Any CPU.ActiveCfg = Release|iPhoneSimulator
		{B1BCE209-537C-4BF3-910B-6D1E3E6CDCC4}.Release|Any CPU.Build.0 = Release|iPhoneSimulator
		{B1BCE209-537C-4BF3-910B-6D1E3E6CDCC4}.Release|Any CPU.Deploy.0 = Release|iPhoneSimulator
		{B1BCE209-537C-4BF3-910B-6D1E3E6CDCC4}.Release|ARM.ActiveCfg = Release|iPhoneSimulator
		{B1BCE209-537C-4BF3-910B-6D1E3E6CDCC4}.Release|ARM.Build.0 = Release|iPhoneSimulator
		{B1BCE209-537C-4BF3-910B-6D1E3E6CDCC4}.Release|ARM.Deploy.0 = Release|iPhoneSimulator
		{B1BCE209-537C-4BF3-910B-6D1E3E6CDCC4}.Release|iPhone.ActiveCfg = Release|iPhone
		{B1BCE209-537C-4BF3-910B-6D1E3E6CDCC4}.Release|iPhone.Build.0 = Release|iPhone
		{B1BCE209-537C-4BF3-910B-6D1E3E6CDCC4}.Release|iPhone.Deploy.0 = Release|iPhone
		{B1BCE209-537C-4BF3-910B-6D1E3E6CDCC4}.Release|iPhoneSimulator.ActiveCfg = Release|iPhoneSimulator
		{B1BCE209-537C-4BF3-910B-6D1E3E6CDCC4}.Release|iPhoneSimulator.Build.0 = Release|iPhoneSimulator
		{B1BCE209-537C-4BF3-910B-6D1E3E6CDCC4}.Release|iPhoneSimulator.Deploy.0 = Release|iPhoneSimulator
		{B1BCE209-537C-4BF3-910B-6D1E3E6CDCC4}.Release|x64.ActiveCfg = Release|iPhoneSimulator
		{B1BCE209-537C-4BF3-910B-6D1E3E6CDCC4}.Release|x64.Build.0 = Release|iPhoneSimulator
		{B1BCE209-537C-4BF3-910B-6D1E3E6CDCC4}.Release|x64.Deploy.0 = Release|iPhoneSimulator
		{B1BCE209-537C-4BF3-910B-6D1E3E6CDCC4}.Release|x86.ActiveCfg = Release|iPhoneSimulator
		{B1BCE209-537C-4BF3-910B-6D1E3E6CDCC4}.Release|x86.Build.0 = Release|iPhoneSimulator
		{B1BCE209-537C-4BF3-910B-6D1E3E6CDCC4}.Release|x86.Deploy.0 = Release|iPhoneSimulator
		{8ABD003E-388C-4DE6-9D0C-C5DDE433525F}.Debug|Any CPU.ActiveCfg = Debug|Any CPU
		{8ABD003E-388C-4DE6-9D0C-C5DDE433525F}.Debug|Any CPU.Build.0 = Debug|Any CPU
		{8ABD003E-388C-4DE6-9D0C-C5DDE433525F}.Debug|Any CPU.Deploy.0 = Debug|Any CPU
		{8ABD003E-388C-4DE6-9D0C-C5DDE433525F}.Debug|ARM.ActiveCfg = Debug|Any CPU
		{8ABD003E-388C-4DE6-9D0C-C5DDE433525F}.Debug|ARM.Build.0 = Debug|Any CPU
		{8ABD003E-388C-4DE6-9D0C-C5DDE433525F}.Debug|ARM.Deploy.0 = Debug|Any CPU
		{8ABD003E-388C-4DE6-9D0C-C5DDE433525F}.Debug|iPhone.ActiveCfg = Debug|Any CPU
		{8ABD003E-388C-4DE6-9D0C-C5DDE433525F}.Debug|iPhone.Build.0 = Debug|Any CPU
		{8ABD003E-388C-4DE6-9D0C-C5DDE433525F}.Debug|iPhone.Deploy.0 = Debug|Any CPU
		{8ABD003E-388C-4DE6-9D0C-C5DDE433525F}.Debug|iPhoneSimulator.ActiveCfg = Debug|Any CPU
		{8ABD003E-388C-4DE6-9D0C-C5DDE433525F}.Debug|iPhoneSimulator.Build.0 = Debug|Any CPU
		{8ABD003E-388C-4DE6-9D0C-C5DDE433525F}.Debug|iPhoneSimulator.Deploy.0 = Debug|Any CPU
		{8ABD003E-388C-4DE6-9D0C-C5DDE433525F}.Debug|x64.ActiveCfg = Debug|Any CPU
		{8ABD003E-388C-4DE6-9D0C-C5DDE433525F}.Debug|x64.Build.0 = Debug|Any CPU
		{8ABD003E-388C-4DE6-9D0C-C5DDE433525F}.Debug|x64.Deploy.0 = Debug|Any CPU
		{8ABD003E-388C-4DE6-9D0C-C5DDE433525F}.Debug|x86.ActiveCfg = Debug|Any CPU
		{8ABD003E-388C-4DE6-9D0C-C5DDE433525F}.Debug|x86.Build.0 = Debug|Any CPU
		{8ABD003E-388C-4DE6-9D0C-C5DDE433525F}.Debug|x86.Deploy.0 = Debug|Any CPU
		{8ABD003E-388C-4DE6-9D0C-C5DDE433525F}.Release|Any CPU.ActiveCfg = Release|Any CPU
		{8ABD003E-388C-4DE6-9D0C-C5DDE433525F}.Release|Any CPU.Build.0 = Release|Any CPU
		{8ABD003E-388C-4DE6-9D0C-C5DDE433525F}.Release|Any CPU.Deploy.0 = Release|Any CPU
		{8ABD003E-388C-4DE6-9D0C-C5DDE433525F}.Release|ARM.ActiveCfg = Release|Any CPU
		{8ABD003E-388C-4DE6-9D0C-C5DDE433525F}.Release|ARM.Build.0 = Release|Any CPU
		{8ABD003E-388C-4DE6-9D0C-C5DDE433525F}.Release|ARM.Deploy.0 = Release|Any CPU
		{8ABD003E-388C-4DE6-9D0C-C5DDE433525F}.Release|iPhone.ActiveCfg = Release|Any CPU
		{8ABD003E-388C-4DE6-9D0C-C5DDE433525F}.Release|iPhone.Build.0 = Release|Any CPU
		{8ABD003E-388C-4DE6-9D0C-C5DDE433525F}.Release|iPhone.Deploy.0 = Release|Any CPU
		{8ABD003E-388C-4DE6-9D0C-C5DDE433525F}.Release|iPhoneSimulator.ActiveCfg = Release|Any CPU
		{8ABD003E-388C-4DE6-9D0C-C5DDE433525F}.Release|iPhoneSimulator.Build.0 = Release|Any CPU
		{8ABD003E-388C-4DE6-9D0C-C5DDE433525F}.Release|iPhoneSimulator.Deploy.0 = Release|Any CPU
		{8ABD003E-388C-4DE6-9D0C-C5DDE433525F}.Release|x64.ActiveCfg = Release|Any CPU
		{8ABD003E-388C-4DE6-9D0C-C5DDE433525F}.Release|x64.Build.0 = Release|Any CPU
		{8ABD003E-388C-4DE6-9D0C-C5DDE433525F}.Release|x64.Deploy.0 = Release|Any CPU
		{8ABD003E-388C-4DE6-9D0C-C5DDE433525F}.Release|x86.ActiveCfg = Release|Any CPU
		{8ABD003E-388C-4DE6-9D0C-C5DDE433525F}.Release|x86.Build.0 = Release|Any CPU
		{8ABD003E-388C-4DE6-9D0C-C5DDE433525F}.Release|x86.Deploy.0 = Release|Any CPU
	EndGlobalSection
	GlobalSection(SolutionProperties) = preSolution
		HideSolutionNode = FALSE
	EndGlobalSection
	GlobalSection(ExtensibilityGlobals) = postSolution
		SolutionGuid = {4869D234-E456-44E5-BFDC-D8E1F0E8C89A}
	EndGlobalSection
EndGlobal
